
Microsoft Visual Studio Solution File, Format Version 12.00
# Visual Studio Version 17
VisualStudioVersion = 17.14.36915.13 d17.14
MinimumVisualStudioVersion = 10.0.40219.1
Project("{FAE04EC0-301F-11D3-BF4B-00C04F79EFBC}") = "Part 1", "Part 1.csproj", "{69B698F0-D4CC-41FE-A653-34594889FDB5}"
EndProject
Global
	GlobalSection(SolutionConfigurationPlatforms) = preSolution
		Debug|Any CPU = Debug|Any CPU
		Release|Any CPU = Release|Any CPU
	EndGlobalSection
	GlobalSection(ProjectConfigurationPlatforms) = postSolution
		{69B698F0-D4CC-41FE-A653-34594889FDB5}.Debug|Any CPU.ActiveCfg = Debug|Any CPU
		{69B698F0-D4CC-41FE-A653-34594889FDB5}.Debug|Any CPU.Build.0 = Debug|Any CPU
		{69B698F0-D4CC-41FE-A653-34594889FDB5}.Release|Any CPU.ActiveCfg = Release|Any CPU
		{69B698F0-D4CC-41FE-A653-34594889FDB5}.Release|Any CPU.Build.0 = Release|Any CPU
	EndGlobalSection
	GlobalSection(SolutionProperties) = preSolution
		HideSolutionNode = FALSE
	EndGlobalSection
	GlobalSection(ExtensibilityGlobals) = postSolution
		SolutionGuid = {905E4178-1BBD-426F-9DB7-93B58E0E9E59}
	EndGlobalSection
EndGlobal
